{
  "lockfile-version": 1,
  "manifest": {
    "version": 1,
    "install": {
      "nvfetcher": {
        "pkg-path": "nvfetcher"
      }
    },
    "hook": {},
    "profile": {},
    "options": {
      "systems": [
        "aarch64-darwin",
        "aarch64-linux",
        "x86_64-darwin",
        "x86_64-linux"
      ],
      "allow": {
        "licenses": []
      },
      "semver": {}
    }
  },
  "packages": [
    {
      "attr_path": "nvfetcher",
      "broken": false,
      "derivation": "/nix/store/w4q292ds76xgpwi5w1a1i5yhjpddsg7h-nvfetcher-0.6.2.0.drv",
      "description": "Generate nix sources expr for the latest version of packages",
      "install_id": "nvfetcher",
      "license": "MIT",
      "locked_url": "https://github.com/flox/nixpkgs?rev=23e89b7da85c3640bbc2173fe04f4bd114342367",
      "name": "nvfetcher-0.6.2.0",
      "pname": "nvfetcher",
      "rev": "23e89b7da85c3640bbc2173fe04f4bd114342367",
      "rev_count": 710087,
      "rev_date": "2024-11-19T11:04:08Z",
      "scrape_date": "2024-11-21T04:00:36Z",
      "stabilities": [
        "staging",
        "unstable"
      ],
      "unfree": false,
      "version": "0.6.2.0",
      "outputs_to_install": [
        "out"
      ],
      "outputs": {
        "out": "/nix/store/vfnnl5xj5fzzv2yvs96h48n0zw3z1p7m-nvfetcher-0.6.2.0"
      },
      "system": "aarch64-darwin",
      "group": "toplevel",
      "priority": 5
    },
    {
      "attr_path": "nvfetcher",
      "broken": false,
      "derivation": "/nix/store/h519cmsrsww690wy6waiy3vjvzqvy07v-nvfetcher-0.6.2.0.drv",
      "description": "Generate nix sources expr for the latest version of packages",
      "install_id": "nvfetcher",
      "license": "MIT",
      "locked_url": "https://github.com/flox/nixpkgs?rev=23e89b7da85c3640bbc2173fe04f4bd114342367",
      "name": "nvfetcher-0.6.2.0",
      "pname": "nvfetcher",
      "rev": "23e89b7da85c3640bbc2173fe04f4bd114342367",
      "rev_count": 710087,
      "rev_date": "2024-11-19T11:04:08Z",
      "scrape_date": "2024-11-21T04:00:36Z",
      "stabilities": [
        "staging",
        "unstable"
      ],
      "unfree": false,
      "version": "0.6.2.0",
      "outputs_to_install": [
        "out"
      ],
      "outputs": {
        "out": "/nix/store/m9306xi5r9mkrswrll14kwcwk8xz6znp-nvfetcher-0.6.2.0"
      },
      "system": "aarch64-linux",
      "group": "toplevel",
      "priority": 5
    },
    {
      "attr_path": "nvfetcher",
      "broken": false,
      "derivation": "/nix/store/rzakr8x1fnyf8vyf5mil5hfjnqqxn8dc-nvfetcher-0.6.2.0.drv",
      "description": "Generate nix sources expr for the latest version of packages",
      "install_id": "nvfetcher",
      "license": "MIT",
      "locked_url": "https://github.com/flox/nixpkgs?rev=23e89b7da85c3640bbc2173fe04f4bd114342367",
      "name": "nvfetcher-0.6.2.0",
      "pname": "nvfetcher",
      "rev": "23e89b7da85c3640bbc2173fe04f4bd114342367",
      "rev_count": 710087,
      "rev_date": "2024-11-19T11:04:08Z",
      "scrape_date": "2024-11-21T04:00:36Z",
      "stabilities": [
        "staging",
        "unstable"
      ],
      "unfree": false,
      "version": "0.6.2.0",
      "outputs_to_install": [
        "out"
      ],
      "outputs": {
        "out": "/nix/store/kq27dwzn8lylj4ns574v49admhkdmxha-nvfetcher-0.6.2.0"
      },
      "system": "x86_64-darwin",
      "group": "toplevel",
      "priority": 5
    },
    {
      "attr_path": "nvfetcher",
      "broken": false,
      "derivation": "/nix/store/7jj7xqj5sshx2zh5s91yx1iqxh15h0mr-nvfetcher-0.6.2.0.drv",
      "description": "Generate nix sources expr for the latest version of packages",
      "install_id": "nvfetcher",
      "license": "MIT",
      "locked_url": "https://github.com/flox/nixpkgs?rev=23e89b7da85c3640bbc2173fe04f4bd114342367",
      "name": "nvfetcher-0.6.2.0",
      "pname": "nvfetcher",
      "rev": "23e89b7da85c3640bbc2173fe04f4bd114342367",
      "rev_count": 710087,
      "rev_date": "2024-11-19T11:04:08Z",
      "scrape_date": "2024-11-21T04:00:36Z",
      "stabilities": [
        "staging",
        "unstable"
      ],
      "unfree": false,
      "version": "0.6.2.0",
      "outputs_to_install": [
        "out"
      ],
      "outputs": {
        "out": "/nix/store/53np7s5hlwah4kfbqs996s4pb4sla8hl-nvfetcher-0.6.2.0"
      },
      "system": "x86_64-linux",
      "group": "toplevel",
      "priority": 5
    }
  ]
}